
Microsoft Visual Studio Solution File, Format Version 12.00
# Visual Studio 15
VisualStudioVersion = 15.0.26124.0
MinimumVisualStudioVersion = 15.0.26124.0
Project("{FAE04EC0-301F-11D3-BF4B-00C04F79EFBC}") = "RazorConverter.Rider", "RazorConverter\RazorConverter.Rider.csproj", "{21CCF8CE-B904-42D4-96BE-2D68B1E8FAF1}"
EndProject
Project("{FAE04EC0-301F-11D3-BF4B-00C04F79EFBC}") = "RazorConverter.Rider.Tests", "RazorConverter.Tests\RazorConverter.Rider.Tests.csproj", "{97C0AFBA-2CF2-42BE-8FBA-2A862BE216FB}"
EndProject
Global
	GlobalSection(SolutionConfigurationPlatforms) = preSolution
		Debug|Any CPU = Debug|Any CPU
		Debug|x64 = Debug|x64
		Debug|x86 = Debug|x86
		Release|Any CPU = Release|Any CPU
		Release|x64 = Release|x64
		Release|x86 = Release|x86
	EndGlobalSection
	GlobalSection(SolutionProperties) = preSolution
		HideSolutionNode = FALSE
	EndGlobalSection
	GlobalSection(ProjectConfigurationPlatforms) = postSolution
		{21CCF8CE-B904-42D4-96BE-2D68B1E8FAF1}.Debug|Any CPU.ActiveCfg = Debug|Any CPU
		{21CCF8CE-B904-42D4-96BE-2D68B1E8FAF1}.Debug|Any CPU.Build.0 = Debug|Any CPU
		{21CCF8CE-B904-42D4-96BE-2D68B1E8FAF1}.Debug|x64.ActiveCfg = Debug|Any CPU
		{21CCF8CE-B904-42D4-96BE-2D68B1E8FAF1}.Debug|x64.Build.0 = Debug|Any CPU
		{21CCF8CE-B904-42D4-96BE-2D68B1E8FAF1}.Debug|x86.ActiveCfg = Debug|Any CPU
		{21CCF8CE-B904-42D4-96BE-2D68B1E8FAF1}.Debug|x86.Build.0 = Debug|Any CPU
		{21CCF8CE-B904-42D4-96BE-2D68B1E8FAF1}.Release|Any CPU.ActiveCfg = Release|Any CPU
		{21CCF8CE-B904-42D4-96BE-2D68B1E8FAF1}.Release|Any CPU.Build.0 = Release|Any CPU
		{21CCF8CE-B904-42D4-96BE-2D68B1E8FAF1}.Release|x64.ActiveCfg = Release|Any CPU
		{21CCF8CE-B904-42D4-96BE-2D68B1E8FAF1}.Release|x64.Build.0 = Release|Any CPU
		{21CCF8CE-B904-42D4-96BE-2D68B1E8FAF1}.Release|x86.ActiveCfg = Release|Any CPU
		{21CCF8CE-B904-42D4-96BE-2D68B1E8FAF1}.Release|x86.Build.0 = Release|Any CPU
		{97C0AFBA-2CF2-42BE-8FBA-2A862BE216FB}.Debug|Any CPU.ActiveCfg = Debug|Any CPU
		{97C0AFBA-2CF2-42BE-8FBA-2A862BE216FB}.Debug|Any CPU.Build.0 = Debug|Any CPU
		{97C0AFBA-2CF2-42BE-8FBA-2A862BE216FB}.Debug|x64.ActiveCfg = Debug|Any CPU
		{97C0AFBA-2CF2-42BE-8FBA-2A862BE216FB}.Debug|x64.Build.0 = Debug|Any CPU
		{97C0AFBA-2CF2-42BE-8FBA-2A862BE216FB}.Debug|x86.ActiveCfg = Debug|Any CPU
		{97C0AFBA-2CF2-42BE-8FBA-2A862BE216FB}.Debug|x86.Build.0 = Debug|Any CPU
		{97C0AFBA-2CF2-42BE-8FBA-2A862BE216FB}.Release|Any CPU.ActiveCfg = Release|Any CPU
		{97C0AFBA-2CF2-42BE-8FBA-2A862BE216FB}.Release|Any CPU.Build.0 = Release|Any CPU
		{97C0AFBA-2CF2-42BE-8FBA-2A862BE216FB}.Release|x64.ActiveCfg = Release|Any CPU
		{97C0AFBA-2CF2-42BE-8FBA-2A862BE216FB}.Release|x64.Build.0 = Release|Any CPU
		{97C0AFBA-2CF2-42BE-8FBA-2A862BE216FB}.Release|x86.ActiveCfg = Release|Any CPU
		{97C0AFBA-2CF2-42BE-8FBA-2A862BE216FB}.Release|x86.Build.0 = Release|Any CPU
	EndGlobalSection
EndGlobal
